// !$*UTF8*$!
{
	archiveVersion = 1;
	classes = {
	};
	objectVersion = 51;
	objects = {

/* Begin PBXBuildFile section */
		04229FCD26E1CFBC007F73BF /* RecentPlayedTracksCellViewModel.swift in Sources */ = {isa = PBXBuildFile; fileRef = 04229FCC26E1CFBC007F73BF /* RecentPlayedTracksCellViewModel.swift */; };
		04229FD026E1DC3E007F73BF /* AlbumViewController.swift in Sources */ = {isa = PBXBuildFile; fileRef = 04229FCF26E1DC3E007F73BF /* AlbumViewController.swift */; };
		04229FD326E1DEA6007F73BF /* PlaylistHeaderCollectionReusableView.swift in Sources */ = {isa = PBXBuildFile; fileRef = 04229FD226E1DEA6007F73BF /* PlaylistHeaderCollectionReusableView.swift */; };
		04229FD626E1DF4A007F73BF /* AlbumCollectionViewCellViewModel.swift in Sources */ = {isa = PBXBuildFile; fileRef = 04229FD526E1DF4A007F73BF /* AlbumCollectionViewCellViewModel.swift */; };
		04229FDC26E1DFCC007F73BF /* AlbumTrackCollectionViewCell.swift in Sources */ = {isa = PBXBuildFile; fileRef = 04229FDB26E1DFCC007F73BF /* AlbumTrackCollectionViewCell.swift */; };
		04229FDF26E1E1C2007F73BF /* CurrentUserAlbumsResponse.swift in Sources */ = {isa = PBXBuildFile; fileRef = 04229FDE26E1E1C2007F73BF /* CurrentUserAlbumsResponse.swift */; };
		04229FE226E1E205007F73BF /* AlbumDetailsResponse.swift in Sources */ = {isa = PBXBuildFile; fileRef = 04229FE126E1E205007F73BF /* AlbumDetailsResponse.swift */; };
		04229FF326E1E2D8007F73BF /* PlaylistHeaderViewViewModel.swift in Sources */ = {isa = PBXBuildFile; fileRef = 04229FF226E1E2D8007F73BF /* PlaylistHeaderViewViewModel.swift */; };
		04229FF826E1E382007F73BF /* PlaybackPresenter.swift in Sources */ = {isa = PBXBuildFile; fileRef = 04229FF726E1E382007F73BF /* PlaybackPresenter.swift */; };
		04229FFC26E1E524007F73BF /* PlayerControlsView.swift in Sources */ = {isa = PBXBuildFile; fileRef = 04229FFB26E1E524007F73BF /* PlayerControlsView.swift */; };
		0422A00326E1E84D007F73BF /* CurrentUserPlaylistsCellViewModel.swift in Sources */ = {isa = PBXBuildFile; fileRef = 0422A00226E1E84D007F73BF /* CurrentUserPlaylistsCellViewModel.swift */; };
		0422A00626E1E98D007F73BF /* UserPlaylistsCollectionViewCell.swift in Sources */ = {isa = PBXBuildFile; fileRef = 0422A00526E1E98D007F73BF /* UserPlaylistsCollectionViewCell.swift */; };
		0422A00926E1EB1F007F73BF /* PlaylistCollectionViewCell.swift in Sources */ = {isa = PBXBuildFile; fileRef = 0422A00826E1EB1F007F73BF /* PlaylistCollectionViewCell.swift */; };
		0422A00D26E1EC54007F73BF /* PlaylistDetailsResponse.swift in Sources */ = {isa = PBXBuildFile; fileRef = 0422A00C26E1EC54007F73BF /* PlaylistDetailsResponse.swift */; };
		0422A01026E1EDB1007F73BF /* CurrentUserPlaylistsResponse.swift in Sources */ = {isa = PBXBuildFile; fileRef = 0422A00F26E1EDB1007F73BF /* CurrentUserPlaylistsResponse.swift */; };
		0422A01326E1EF0A007F73BF /* UserFollowingArtistsResponse.swift in Sources */ = {isa = PBXBuildFile; fileRef = 0422A01226E1EF0A007F73BF /* UserFollowingArtistsResponse.swift */; };
		0422A01626E1EF80007F73BF /* AllCategoriesResponse.swift in Sources */ = {isa = PBXBuildFile; fileRef = 0422A01526E1EF80007F73BF /* AllCategoriesResponse.swift */; };
		0422A01926E1F0F2007F73BF /* SearchResultResponse.swift in Sources */ = {isa = PBXBuildFile; fileRef = 0422A01826E1F0F2007F73BF /* SearchResultResponse.swift */; };
		0422A01D26E1F2EC007F73BF /* LibraryPlaylistsViewController.swift in Sources */ = {isa = PBXBuildFile; fileRef = 0422A01C26E1F2EC007F73BF /* LibraryPlaylistsViewController.swift */; };
		0422A02026E1F300007F73BF /* LibraryAlbumsViewController.swift in Sources */ = {isa = PBXBuildFile; fileRef = 0422A01F26E1F300007F73BF /* LibraryAlbumsViewController.swift */; };
		0422A02326E1F378007F73BF /* ActionLabelView.swift in Sources */ = {isa = PBXBuildFile; fileRef = 0422A02226E1F378007F73BF /* ActionLabelView.swift */; };
		0422A02726E1F40A007F73BF /* SearchResultSubtitleTableViewCell.swift in Sources */ = {isa = PBXBuildFile; fileRef = 0422A02626E1F40A007F73BF /* SearchResultSubtitleTableViewCell.swift */; };
		0422A02B26E1F421007F73BF /* SearchResultDefaultTableViewCell.swift in Sources */ = {isa = PBXBuildFile; fileRef = 0422A02A26E1F421007F73BF /* SearchResultDefaultTableViewCell.swift */; };
		0422A02E26E1F44E007F73BF /* SearchResultDefaultTableViewCellViewModel.swift in Sources */ = {isa = PBXBuildFile; fileRef = 0422A02D26E1F44E007F73BF /* SearchResultDefaultTableViewCellViewModel.swift */; };
		0422A03126E1F467007F73BF /* SearchResultSubtitleTableViewCellViewModel.swift in Sources */ = {isa = PBXBuildFile; fileRef = 0422A03026E1F466007F73BF /* SearchResultSubtitleTableViewCellViewModel.swift */; };
		0422A03426E1FF91007F73BF /* CategoryCollectionViewCell.swift in Sources */ = {isa = PBXBuildFile; fileRef = 0422A03326E1FF91007F73BF /* CategoryCollectionViewCell.swift */; };
		0422A03826E1FFB1007F73BF /* CategoryPlaylistCollectionViewCell.swift in Sources */ = {isa = PBXBuildFile; fileRef = 0422A03726E1FFB1007F73BF /* CategoryPlaylistCollectionViewCell.swift */; };
		0422A03B26E1FFFC007F73BF /* CategoryCollectionViewCellViewModel.swift in Sources */ = {isa = PBXBuildFile; fileRef = 0422A03A26E1FFFC007F73BF /* CategoryCollectionViewCellViewModel.swift */; };
		0422A03F26E200B7007F73BF /* WebViewController.swift in Sources */ = {isa = PBXBuildFile; fileRef = 0422A03E26E200B7007F73BF /* WebViewController.swift */; };
		0422A04326E2010B007F73BF /* CategoryPlaylistCellViewModel.swift in Sources */ = {isa = PBXBuildFile; fileRef = 0422A04226E2010B007F73BF /* CategoryPlaylistCellViewModel.swift */; };
		0422A04626E2014C007F73BF /* CategoryViewController.swift in Sources */ = {isa = PBXBuildFile; fileRef = 0422A04526E2014C007F73BF /* CategoryViewController.swift */; };
		0422A04926E201AD007F73BF /* LibraryToggleView.swift in Sources */ = {isa = PBXBuildFile; fileRef = 0422A04826E201AD007F73BF /* LibraryToggleView.swift */; };
		042FE41826DDE2A90023DD25 /* Extensions.swift in Sources */ = {isa = PBXBuildFile; fileRef = 042FE41726DDE2A90023DD25 /* Extensions.swift */; };
		043A509026E06F210033C59A /* NewReleasesResponse.swift in Sources */ = {isa = PBXBuildFile; fileRef = 043A508F26E06F210033C59A /* NewReleasesResponse.swift */; };
		043A509326E0727C0033C59A /* Album.swift in Sources */ = {isa = PBXBuildFile; fileRef = 043A509226E0727C0033C59A /* Album.swift */; };
		043A509726E08CB20033C59A /* RecommendationGenresResponse.swift in Sources */ = {isa = PBXBuildFile; fileRef = 043A509626E08CB20033C59A /* RecommendationGenresResponse.swift */; };
		043A509A26E095F60033C59A /* RecommendationsResponse.swift in Sources */ = {isa = PBXBuildFile; fileRef = 043A509926E095F60033C59A /* RecommendationsResponse.swift */; };
		043A50AB26E0D7610033C59A /* NewReleaseCollectionViewCell.swift in Sources */ = {isa = PBXBuildFile; fileRef = 043A50AA26E0D7610033C59A /* NewReleaseCollectionViewCell.swift */; };
		043A50AF26E0D7F70033C59A /* NewReleasesCellViewModel.swift in Sources */ = {isa = PBXBuildFile; fileRef = 043A50AE26E0D7F70033C59A /* NewReleasesCellViewModel.swift */; };
		043A50B226E0DADD0033C59A /* FeaturedPlaylistsCollectionViewCell.swift in Sources */ = {isa = PBXBuildFile; fileRef = 043A50B126E0DADC0033C59A /* FeaturedPlaylistsCollectionViewCell.swift */; };
		043A50B526E0DB1E0033C59A /* FeaturedPlaylistsCellViewModel.swift in Sources */ = {isa = PBXBuildFile; fileRef = 043A50B426E0DB1E0033C59A /* FeaturedPlaylistsCellViewModel.swift */; };
		043A50B826E0DBB60033C59A /* RecommendedTracksCollectionViewCell.swift in Sources */ = {isa = PBXBuildFile; fileRef = 043A50B726E0DBB60033C59A /* RecommendedTracksCollectionViewCell.swift */; };
		043A50BB26E0DBFA0033C59A /* RecommendedTracksCellViewModel.swift in Sources */ = {isa = PBXBuildFile; fileRef = 043A50BA26E0DBFA0033C59A /* RecommendedTracksCellViewModel.swift */; };
		043A50C626E0F86D0033C59A /* RecentlyPlayedTracksResponse.swift in Sources */ = {isa = PBXBuildFile; fileRef = 043A50C526E0F86D0033C59A /* RecentlyPlayedTracksResponse.swift */; };
		043A50C926E1061F0033C59A /* RecentlyPlayedTracksCollectionViewCell.swift in Sources */ = {isa = PBXBuildFile; fileRef = 043A50C826E1061F0033C59A /* RecentlyPlayedTracksCollectionViewCell.swift */; };
		043A50D026E10C5A0033C59A /* TitleHeaderCollectionReusableView.swift in Sources */ = {isa = PBXBuildFile; fileRef = 043A50CF26E10C5A0033C59A /* TitleHeaderCollectionReusableView.swift */; };
		0456927B26DF5B480072650A /* AuthResponse.swift in Sources */ = {isa = PBXBuildFile; fileRef = 0456927A26DF5B480072650A /* AuthResponse.swift */; };
		0456927F26DF89E90072650A /* SettingsModels.swift in Sources */ = {isa = PBXBuildFile; fileRef = 0456927E26DF89E90072650A /* SettingsModels.swift */; };
		049E218B26DDD1FD00BD770D /* TabBarViewController.swift in Sources */ = {isa = PBXBuildFile; fileRef = 049E218A26DDD1FD00BD770D /* TabBarViewController.swift */; };
		049E219026DDD27700BD770D /* SearchViewController.swift in Sources */ = {isa = PBXBuildFile; fileRef = 049E218F26DDD27700BD770D /* SearchViewController.swift */; };
		049E219326DDD28300BD770D /* LibraryViewController.swift in Sources */ = {isa = PBXBuildFile; fileRef = 049E219226DDD28300BD770D /* LibraryViewController.swift */; };
		049E219926DDD2E900BD770D /* AuthViewController.swift in Sources */ = {isa = PBXBuildFile; fileRef = 049E219826DDD2E900BD770D /* AuthViewController.swift */; };
		049E219D26DDD2F400BD770D /* WelcomeViewController.swift in Sources */ = {isa = PBXBuildFile; fileRef = 049E219C26DDD2F400BD770D /* WelcomeViewController.swift */; };
		049E21A026DDD2FD00BD770D /* SettingsViewController.swift in Sources */ = {isa = PBXBuildFile; fileRef = 049E219F26DDD2FD00BD770D /* SettingsViewController.swift */; };
		049E21A326DDD30E00BD770D /* PlayerViewController.swift in Sources */ = {isa = PBXBuildFile; fileRef = 049E21A226DDD30E00BD770D /* PlayerViewController.swift */; };
		049E21A626DDD31C00BD770D /* PlaylistViewController.swift in Sources */ = {isa = PBXBuildFile; fileRef = 049E21A526DDD31C00BD770D /* PlaylistViewController.swift */; };
		049E21A926DDD33600BD770D /* ProfileViewController.swift in Sources */ = {isa = PBXBuildFile; fileRef = 049E21A826DDD33600BD770D /* ProfileViewController.swift */; };
		049E21AC26DDD34900BD770D /* SearchResultsViewController.swift in Sources */ = {isa = PBXBuildFile; fileRef = 049E21AB26DDD34900BD770D /* SearchResultsViewController.swift */; };
		049E21AF26DDD3C400BD770D /* AuthManager.swift in Sources */ = {isa = PBXBuildFile; fileRef = 049E21AE26DDD3C400BD770D /* AuthManager.swift */; };
		049E21B226DDD3DE00BD770D /* APICaller.swift in Sources */ = {isa = PBXBuildFile; fileRef = 049E21B126DDD3DE00BD770D /* APICaller.swift */; };
		049E21B526DDD3ED00BD770D /* HapticsManager.swift in Sources */ = {isa = PBXBuildFile; fileRef = 049E21B426DDD3ED00BD770D /* HapticsManager.swift */; };
		049E21B826DDD40600BD770D /* Playlist.swift in Sources */ = {isa = PBXBuildFile; fileRef = 049E21B726DDD40600BD770D /* Playlist.swift */; };
		049E21BB26DDD41000BD770D /* AudioTrack.swift in Sources */ = {isa = PBXBuildFile; fileRef = 049E21BA26DDD41000BD770D /* AudioTrack.swift */; };
		049E21BE26DDD41500BD770D /* Artist.swift in Sources */ = {isa = PBXBuildFile; fileRef = 049E21BD26DDD41500BD770D /* Artist.swift */; };
		049E21C126DDD42400BD770D /* UserProfile.swift in Sources */ = {isa = PBXBuildFile; fileRef = 049E21C026DDD42400BD770D /* UserProfile.swift */; };
		04AC18AA26DDCF9200B44698 /* AppDelegate.swift in Sources */ = {isa = PBXBuildFile; fileRef = 04AC18A926DDCF9200B44698 /* AppDelegate.swift */; };
		04AC18AC26DDCF9200B44698 /* SceneDelegate.swift in Sources */ = {isa = PBXBuildFile; fileRef = 04AC18AB26DDCF9200B44698 /* SceneDelegate.swift */; };
		04AC18AE26DDCF9200B44698 /* HomeViewController.swift in Sources */ = {isa = PBXBuildFile; fileRef = 04AC18AD26DDCF9200B44698 /* HomeViewController.swift */; };
		04AC18B326DDCF9400B44698 /* Assets.xcassets in Resources */ = {isa = PBXBuildFile; fileRef = 04AC18B226DDCF9400B44698 /* Assets.xcassets */; };
		04AC18B626DDCF9400B44698 /* LaunchScreen.storyboard in Resources */ = {isa = PBXBuildFile; fileRef = 04AC18B426DDCF9400B44698 /* LaunchScreen.storyboard */; };
		04E8E30D26DFA04C0076E065 /* ProfileTableViewCell.swift in Sources */ = {isa = PBXBuildFile; fileRef = 04E8E30C26DFA04C0076E065 /* ProfileTableViewCell.swift */; };
		55F242BC09C6045B6A7F250F /* Pods_Spotify_test.framework in Frameworks */ = {isa = PBXBuildFile; fileRef = 3608962D3B9EAE30BD9ACC59 /* Pods_Spotify_test.framework */; };
/* End PBXBuildFile section */

/* Begin PBXFileReference section */
		04229FCC26E1CFBC007F73BF /* RecentPlayedTracksCellViewModel.swift */ = {isa = PBXFileReference; lastKnownFileType = sourcecode.swift; path = RecentPlayedTracksCellViewModel.swift; sourceTree = "<group>"; };
		04229FCF26E1DC3E007F73BF /* AlbumViewController.swift */ = {isa = PBXFileReference; lastKnownFileType = sourcecode.swift; path = AlbumViewController.swift; sourceTree = "<group>"; };
		04229FD226E1DEA6007F73BF /* PlaylistHeaderCollectionReusableView.swift */ = {isa = PBXFileReference; lastKnownFileType = sourcecode.swift; path = PlaylistHeaderCollectionReusableView.swift; sourceTree = "<group>"; };
		04229FD526E1DF4A007F73BF /* AlbumCollectionViewCellViewModel.swift */ = {isa = PBXFileReference; lastKnownFileType = sourcecode.swift; path = AlbumCollectionViewCellViewModel.swift; sourceTree = "<group>"; };
		04229FDB26E1DFCC007F73BF /* AlbumTrackCollectionViewCell.swift */ = {isa = PBXFileReference; lastKnownFileType = sourcecode.swift; path = AlbumTrackCollectionViewCell.swift; sourceTree = "<group>"; };
		04229FDE26E1E1C2007F73BF /* CurrentUserAlbumsResponse.swift */ = {isa = PBXFileReference; lastKnownFileType = sourcecode.swift; path = CurrentUserAlbumsResponse.swift; sourceTree = "<group>"; };
		04229FE126E1E205007F73BF /* AlbumDetailsResponse.swift */ = {isa = PBXFileReference; lastKnownFileType = sourcecode.swift; path = AlbumDetailsResponse.swift; sourceTree = "<group>"; };
		04229FF226E1E2D8007F73BF /* PlaylistHeaderViewViewModel.swift */ = {isa = PBXFileReference; lastKnownFileType = sourcecode.swift; path = PlaylistHeaderViewViewModel.swift; sourceTree = "<group>"; };
		04229FF726E1E382007F73BF /* PlaybackPresenter.swift */ = {isa = PBXFileReference; lastKnownFileType = sourcecode.swift; path = PlaybackPresenter.swift; sourceTree = "<group>"; };
		04229FFB26E1E524007F73BF /* PlayerControlsView.swift */ = {isa = PBXFileReference; lastKnownFileType = sourcecode.swift; path = PlayerControlsView.swift; sourceTree = "<group>"; };
		0422A00226E1E84D007F73BF /* CurrentUserPlaylistsCellViewModel.swift */ = {isa = PBXFileReference; lastKnownFileType = sourcecode.swift; path = CurrentUserPlaylistsCellViewModel.swift; sourceTree = "<group>"; };
		0422A00526E1E98D007F73BF /* UserPlaylistsCollectionViewCell.swift */ = {isa = PBXFileReference; lastKnownFileType = sourcecode.swift; path = UserPlaylistsCollectionViewCell.swift; sourceTree = "<group>"; };
		0422A00826E1EB1F007F73BF /* PlaylistCollectionViewCell.swift */ = {isa = PBXFileReference; lastKnownFileType = sourcecode.swift; path = PlaylistCollectionViewCell.swift; sourceTree = "<group>"; };
		0422A00C26E1EC54007F73BF /* PlaylistDetailsResponse.swift */ = {isa = PBXFileReference; lastKnownFileType = sourcecode.swift; path = PlaylistDetailsResponse.swift; sourceTree = "<group>"; };
		0422A00F26E1EDB1007F73BF /* CurrentUserPlaylistsResponse.swift */ = {isa = PBXFileReference; lastKnownFileType = sourcecode.swift; path = CurrentUserPlaylistsResponse.swift; sourceTree = "<group>"; };
		0422A01226E1EF0A007F73BF /* UserFollowingArtistsResponse.swift */ = {isa = PBXFileReference; lastKnownFileType = sourcecode.swift; path = UserFollowingArtistsResponse.swift; sourceTree = "<group>"; };
		0422A01526E1EF80007F73BF /* AllCategoriesResponse.swift */ = {isa = PBXFileReference; lastKnownFileType = sourcecode.swift; path = AllCategoriesResponse.swift; sourceTree = "<group>"; };
		0422A01826E1F0F2007F73BF /* SearchResultResponse.swift */ = {isa = PBXFileReference; lastKnownFileType = sourcecode.swift; path = SearchResultResponse.swift; sourceTree = "<group>"; };
		0422A01C26E1F2EC007F73BF /* LibraryPlaylistsViewController.swift */ = {isa = PBXFileReference; lastKnownFileType = sourcecode.swift; path = LibraryPlaylistsViewController.swift; sourceTree = "<group>"; };
		0422A01F26E1F300007F73BF /* LibraryAlbumsViewController.swift */ = {isa = PBXFileReference; lastKnownFileType = sourcecode.swift; path = LibraryAlbumsViewController.swift; sourceTree = "<group>"; };
		0422A02226E1F378007F73BF /* ActionLabelView.swift */ = {isa = PBXFileReference; lastKnownFileType = sourcecode.swift; path = ActionLabelView.swift; sourceTree = "<group>"; };
		0422A02626E1F40A007F73BF /* SearchResultSubtitleTableViewCell.swift */ = {isa = PBXFileReference; lastKnownFileType = sourcecode.swift; path = SearchResultSubtitleTableViewCell.swift; sourceTree = "<group>"; };
		0422A02A26E1F421007F73BF /* SearchResultDefaultTableViewCell.swift */ = {isa = PBXFileReference; lastKnownFileType = sourcecode.swift; path = SearchResultDefaultTableViewCell.swift; sourceTree = "<group>"; };
		0422A02D26E1F44E007F73BF /* SearchResultDefaultTableViewCellViewModel.swift */ = {isa = PBXFileReference; lastKnownFileType = sourcecode.swift; path = SearchResultDefaultTableViewCellViewModel.swift; sourceTree = "<group>"; };
		0422A03026E1F466007F73BF /* SearchResultSubtitleTableViewCellViewModel.swift */ = {isa = PBXFileReference; lastKnownFileType = sourcecode.swift; path = SearchResultSubtitleTableViewCellViewModel.swift; sourceTree = "<group>"; };
		0422A03326E1FF91007F73BF /* CategoryCollectionViewCell.swift */ = {isa = PBXFileReference; lastKnownFileType = sourcecode.swift; path = CategoryCollectionViewCell.swift; sourceTree = "<group>"; };
		0422A03726E1FFB1007F73BF /* CategoryPlaylistCollectionViewCell.swift */ = {isa = PBXFileReference; lastKnownFileType = sourcecode.swift; path = CategoryPlaylistCollectionViewCell.swift; sourceTree = "<group>"; };
		0422A03A26E1FFFC007F73BF /* CategoryCollectionViewCellViewModel.swift */ = {isa = PBXFileReference; lastKnownFileType = sourcecode.swift; path = CategoryCollectionViewCellViewModel.swift; sourceTree = "<group>"; };
		0422A03E26E200B7007F73BF /* WebViewController.swift */ = {isa = PBXFileReference; lastKnownFileType = sourcecode.swift; path = WebViewController.swift; sourceTree = "<group>"; };
		0422A04226E2010B007F73BF /* CategoryPlaylistCellViewModel.swift */ = {isa = PBXFileReference; lastKnownFileType = sourcecode.swift; path = CategoryPlaylistCellViewModel.swift; sourceTree = "<group>"; };
		0422A04526E2014C007F73BF /* CategoryViewController.swift */ = {isa = PBXFileReference; lastKnownFileType = sourcecode.swift; path = CategoryViewController.swift; sourceTree = "<group>"; };
		0422A04826E201AD007F73BF /* LibraryToggleView.swift */ = {isa = PBXFileReference; lastKnownFileType = sourcecode.swift; path = LibraryToggleView.swift; sourceTree = "<group>"; };
		042FE41726DDE2A90023DD25 /* Extensions.swift */ = {isa = PBXFileReference; lastKnownFileType = sourcecode.swift; path = Extensions.swift; sourceTree = "<group>"; };
		043A508F26E06F210033C59A /* NewReleasesResponse.swift */ = {isa = PBXFileReference; lastKnownFileType = sourcecode.swift; path = NewReleasesResponse.swift; sourceTree = "<group>"; };
		043A509226E0727C0033C59A /* Album.swift */ = {isa = PBXFileReference; lastKnownFileType = sourcecode.swift; path = Album.swift; sourceTree = "<group>"; };
		043A509626E08CB20033C59A /* RecommendationGenresResponse.swift */ = {isa = PBXFileReference; lastKnownFileType = sourcecode.swift; path = RecommendationGenresResponse.swift; sourceTree = "<group>"; };
		043A509926E095F60033C59A /* RecommendationsResponse.swift */ = {isa = PBXFileReference; lastKnownFileType = sourcecode.swift; path = RecommendationsResponse.swift; sourceTree = "<group>"; };
		043A50AA26E0D7610033C59A /* NewReleaseCollectionViewCell.swift */ = {isa = PBXFileReference; lastKnownFileType = sourcecode.swift; path = NewReleaseCollectionViewCell.swift; sourceTree = "<group>"; };
		043A50AE26E0D7F70033C59A /* NewReleasesCellViewModel.swift */ = {isa = PBXFileReference; lastKnownFileType = sourcecode.swift; path = NewReleasesCellViewModel.swift; sourceTree = "<group>"; };
		043A50B126E0DADC0033C59A /* FeaturedPlaylistsCollectionViewCell.swift */ = {isa = PBXFileReference; lastKnownFileType = sourcecode.swift; path = FeaturedPlaylistsCollectionViewCell.swift; sourceTree = "<group>"; };
		043A50B426E0DB1E0033C59A /* FeaturedPlaylistsCellViewModel.swift */ = {isa = PBXFileReference; lastKnownFileType = sourcecode.swift; path = FeaturedPlaylistsCellViewModel.swift; sourceTree = "<group>"; };
		043A50B726E0DBB60033C59A /* RecommendedTracksCollectionViewCell.swift */ = {isa = PBXFileReference; lastKnownFileType = sourcecode.swift; path = RecommendedTracksCollectionViewCell.swift; sourceTree = "<group>"; };
		043A50BA26E0DBFA0033C59A /* RecommendedTracksCellViewModel.swift */ = {isa = PBXFileReference; lastKnownFileType = sourcecode.swift; path = RecommendedTracksCellViewModel.swift; sourceTree = "<group>"; };
		043A50C526E0F86D0033C59A /* RecentlyPlayedTracksResponse.swift */ = {isa = PBXFileReference; lastKnownFileType = sourcecode.swift; path = RecentlyPlayedTracksResponse.swift; sourceTree = "<group>"; };
		043A50C826E1061F0033C59A /* RecentlyPlayedTracksCollectionViewCell.swift */ = {isa = PBXFileReference; lastKnownFileType = sourcecode.swift; path = RecentlyPlayedTracksCollectionViewCell.swift; sourceTree = "<group>"; };
		043A50CF26E10C5A0033C59A /* TitleHeaderCollectionReusableView.swift */ = {isa = PBXFileReference; lastKnownFileType = sourcecode.swift; path = TitleHeaderCollectionReusableView.swift; sourceTree = "<group>"; };
		0456927A26DF5B480072650A /* AuthResponse.swift */ = {isa = PBXFileReference; lastKnownFileType = sourcecode.swift; path = AuthResponse.swift; sourceTree = "<group>"; };
		0456927E26DF89E90072650A /* SettingsModels.swift */ = {isa = PBXFileReference; lastKnownFileType = sourcecode.swift; path = SettingsModels.swift; sourceTree = "<group>"; };
		049E218A26DDD1FD00BD770D /* TabBarViewController.swift */ = {isa = PBXFileReference; lastKnownFileType = sourcecode.swift; path = TabBarViewController.swift; sourceTree = "<group>"; };
		049E218F26DDD27700BD770D /* SearchViewController.swift */ = {isa = PBXFileReference; lastKnownFileType = sourcecode.swift; path = SearchViewController.swift; sourceTree = "<group>"; };
		049E219226DDD28300BD770D /* LibraryViewController.swift */ = {isa = PBXFileReference; lastKnownFileType = sourcecode.swift; path = LibraryViewController.swift; sourceTree = "<group>"; };
		049E219826DDD2E900BD770D /* AuthViewController.swift */ = {isa = PBXFileReference; lastKnownFileType = sourcecode.swift; path = AuthViewController.swift; sourceTree = "<group>"; };
		049E219C26DDD2F400BD770D /* WelcomeViewController.swift */ = {isa = PBXFileReference; lastKnownFileType = sourcecode.swift; path = WelcomeViewController.swift; sourceTree = "<group>"; };
		049E219F26DDD2FD00BD770D /* SettingsViewController.swift */ = {isa = PBXFileReference; lastKnownFileType = sourcecode.swift; path = SettingsViewController.swift; sourceTree = "<group>"; };
		049E21A226DDD30E00BD770D /* PlayerViewController.swift */ = {isa = PBXFileReference; lastKnownFileType = sourcecode.swift; path = PlayerViewController.swift; sourceTree = "<group>"; };
		049E21A526DDD31C00BD770D /* PlaylistViewController.swift */ = {isa = PBXFileReference; lastKnownFileType = sourcecode.swift; path = PlaylistViewController.swift; sourceTree = "<group>"; };
		049E21A826DDD33600BD770D /* ProfileViewController.swift */ = {isa = PBXFileReference; lastKnownFileType = sourcecode.swift; path = ProfileViewController.swift; sourceTree = "<group>"; };
		049E21AB26DDD34900BD770D /* SearchResultsViewController.swift */ = {isa = PBXFileReference; lastKnownFileType = sourcecode.swift; path = SearchResultsViewController.swift; sourceTree = "<group>"; };
		049E21AE26DDD3C400BD770D /* AuthManager.swift */ = {isa = PBXFileReference; lastKnownFileType = sourcecode.swift; path = AuthManager.swift; sourceTree = "<group>"; };
		049E21B126DDD3DE00BD770D /* APICaller.swift */ = {isa = PBXFileReference; lastKnownFileType = sourcecode.swift; path = APICaller.swift; sourceTree = "<group>"; };
		049E21B426DDD3ED00BD770D /* HapticsManager.swift */ = {isa = PBXFileReference; lastKnownFileType = sourcecode.swift; path = HapticsManager.swift; sourceTree = "<group>"; };
		049E21B726DDD40600BD770D /* Playlist.swift */ = {isa = PBXFileReference; lastKnownFileType = sourcecode.swift; path = Playlist.swift; sourceTree = "<group>"; };
		049E21BA26DDD41000BD770D /* AudioTrack.swift */ = {isa = PBXFileReference; lastKnownFileType = sourcecode.swift; path = AudioTrack.swift; sourceTree = "<group>"; };
		049E21BD26DDD41500BD770D /* Artist.swift */ = {isa = PBXFileReference; lastKnownFileType = sourcecode.swift; path = Artist.swift; sourceTree = "<group>"; };
		049E21C026DDD42400BD770D /* UserProfile.swift */ = {isa = PBXFileReference; lastKnownFileType = sourcecode.swift; path = UserProfile.swift; sourceTree = "<group>"; };
		04AC18A626DDCF9200B44698 /* Spotify-test.app */ = {isa = PBXFileReference; explicitFileType = wrapper.application; includeInIndex = 0; path = "Spotify-test.app"; sourceTree = BUILT_PRODUCTS_DIR; };
		04AC18A926DDCF9200B44698 /* AppDelegate.swift */ = {isa = PBXFileReference; lastKnownFileType = sourcecode.swift; path = AppDelegate.swift; sourceTree = "<group>"; };
		04AC18AB26DDCF9200B44698 /* SceneDelegate.swift */ = {isa = PBXFileReference; lastKnownFileType = sourcecode.swift; path = SceneDelegate.swift; sourceTree = "<group>"; };
		04AC18AD26DDCF9200B44698 /* HomeViewController.swift */ = {isa = PBXFileReference; lastKnownFileType = sourcecode.swift; path = HomeViewController.swift; sourceTree = "<group>"; };
		04AC18B226DDCF9400B44698 /* Assets.xcassets */ = {isa = PBXFileReference; lastKnownFileType = folder.assetcatalog; path = Assets.xcassets; sourceTree = "<group>"; };
		04AC18B526DDCF9400B44698 /* Base */ = {isa = PBXFileReference; lastKnownFileType = file.storyboard; name = Base; path = Base.lproj/LaunchScreen.storyboard; sourceTree = "<group>"; };
		04AC18B726DDCF9400B44698 /* Info.plist */ = {isa = PBXFileReference; lastKnownFileType = text.plist.xml; path = Info.plist; sourceTree = "<group>"; };
		04E8E30C26DFA04C0076E065 /* ProfileTableViewCell.swift */ = {isa = PBXFileReference; lastKnownFileType = sourcecode.swift; path = ProfileTableViewCell.swift; sourceTree = "<group>"; };
		2FDBBBD0D97EBF38B3D4FD35 /* Pods-Spotify-test.release.xcconfig */ = {isa = PBXFileReference; includeInIndex = 1; lastKnownFileType = text.xcconfig; name = "Pods-Spotify-test.release.xcconfig"; path = "Target Support Files/Pods-Spotify-test/Pods-Spotify-test.release.xcconfig"; sourceTree = "<group>"; };
		3608962D3B9EAE30BD9ACC59 /* Pods_Spotify_test.framework */ = {isa = PBXFileReference; explicitFileType = wrapper.framework; includeInIndex = 0; path = Pods_Spotify_test.framework; sourceTree = BUILT_PRODUCTS_DIR; };
		FC06F28453ADEB777DA3D1E6 /* Pods-Spotify-test.debug.xcconfig */ = {isa = PBXFileReference; includeInIndex = 1; lastKnownFileType = text.xcconfig; name = "Pods-Spotify-test.debug.xcconfig"; path = "Target Support Files/Pods-Spotify-test/Pods-Spotify-test.debug.xcconfig"; sourceTree = "<group>"; };
/* End PBXFileReference section */

/* Begin PBXFrameworksBuildPhase section */
		04AC18A326DDCF9200B44698 /* Frameworks */ = {
			isa = PBXFrameworksBuildPhase;
			buildActionMask = 2147483647;
			files = (
				55F242BC09C6045B6A7F250F /* Pods_Spotify_test.framework in Frameworks */,
			);
			runOnlyForDeploymentPostprocessing = 0;
		};
/* End PBXFrameworksBuildPhase section */

/* Begin PBXGroup section */
		04229FF626E1E36F007F73BF /* Presenter */ = {
			isa = PBXGroup;
			children = (
				04229FF726E1E382007F73BF /* PlaybackPresenter.swift */,
			);
			path = Presenter;
			sourceTree = "<group>";
		};
		04229FFA26E1E4EB007F73BF /* Search */ = {
			isa = PBXGroup;
			children = (
				0422A02526E1F3D6007F73BF /* SearchResultCells */,
				0422A03326E1FF91007F73BF /* CategoryCollectionViewCell.swift */,
				0422A03726E1FFB1007F73BF /* CategoryPlaylistCollectionViewCell.swift */,
			);
			path = Search;
			sourceTree = "<group>";
		};
		0422A01B26E1F2CE007F73BF /* Library */ = {
			isa = PBXGroup;
			children = (
				0422A01C26E1F2EC007F73BF /* LibraryPlaylistsViewController.swift */,
				0422A01F26E1F300007F73BF /* LibraryAlbumsViewController.swift */,
			);
			path = Library;
			sourceTree = "<group>";
		};
		0422A02526E1F3D6007F73BF /* SearchResultCells */ = {
			isa = PBXGroup;
			children = (
				0422A02626E1F40A007F73BF /* SearchResultSubtitleTableViewCell.swift */,
				0422A02A26E1F421007F73BF /* SearchResultDefaultTableViewCell.swift */,
			);
			path = SearchResultCells;
			sourceTree = "<group>";
		};
		043A50A926E0D7370033C59A /* Browse */ = {
			isa = PBXGroup;
			children = (
				043A50AA26E0D7610033C59A /* NewReleaseCollectionViewCell.swift */,
				043A50B126E0DADC0033C59A /* FeaturedPlaylistsCollectionViewCell.swift */,
				043A50B726E0DBB60033C59A /* RecommendedTracksCollectionViewCell.swift */,
				043A50C826E1061F0033C59A /* RecentlyPlayedTracksCollectionViewCell.swift */,
				0422A00526E1E98D007F73BF /* UserPlaylistsCollectionViewCell.swift */,
				0422A00826E1EB1F007F73BF /* PlaylistCollectionViewCell.swift */,
			);
			path = Browse;
			sourceTree = "<group>";
		};
		049E219526DDD2A700BD770D /* Core */ = {
			isa = PBXGroup;
			children = (
				049E218A26DDD1FD00BD770D /* TabBarViewController.swift */,
				04AC18AD26DDCF9200B44698 /* HomeViewController.swift */,
				049E218F26DDD27700BD770D /* SearchViewController.swift */,
				049E219226DDD28300BD770D /* LibraryViewController.swift */,
			);
			path = Core;
			sourceTree = "<group>";
		};
		049E219726DDD2B300BD770D /* Other */ = {
			isa = PBXGroup;
			children = (
				0422A01B26E1F2CE007F73BF /* Library */,
				049E219826DDD2E900BD770D /* AuthViewController.swift */,
				049E219C26DDD2F400BD770D /* WelcomeViewController.swift */,
				049E219F26DDD2FD00BD770D /* SettingsViewController.swift */,
				049E21A826DDD33600BD770D /* ProfileViewController.swift */,
				049E21A226DDD30E00BD770D /* PlayerViewController.swift */,
				049E21A526DDD31C00BD770D /* PlaylistViewController.swift */,
				049E21AB26DDD34900BD770D /* SearchResultsViewController.swift */,
				04229FCF26E1DC3E007F73BF /* AlbumViewController.swift */,
				0422A03E26E200B7007F73BF /* WebViewController.swift */,
				0422A04526E2014C007F73BF /* CategoryViewController.swift */,
			);
			path = Other;
			sourceTree = "<group>";
		};
		04AC189D26DDCF9100B44698 = {
			isa = PBXGroup;
			children = (
				04AC18A826DDCF9200B44698 /* Spotify-test */,
				04AC18A726DDCF9200B44698 /* Products */,
				7C6996018BA91A251053AADB /* Pods */,
				55A099FE628179D802A986C7 /* Frameworks */,
			);
			sourceTree = "<group>";
		};
		04AC18A726DDCF9200B44698 /* Products */ = {
			isa = PBXGroup;
			children = (
				04AC18A626DDCF9200B44698 /* Spotify-test.app */,
			);
			name = Products;
			sourceTree = "<group>";
		};
		04AC18A826DDCF9200B44698 /* Spotify-test */ = {
			isa = PBXGroup;
			children = (
				04229FF626E1E36F007F73BF /* Presenter */,
				04AC18C426DDD00700B44698 /* Resources */,
				04AC18C226DDCFF000B44698 /* Managers */,
				04AC18C326DDCFFC00B44698 /* Controllers */,
				04AC18C026DDCFDB00B44698 /* Models */,
				04AC18C126DDCFEB00B44698 /* Views */,
				04AC18BF26DDCFD300B44698 /* ViewModels */,
				04AC18B726DDCF9400B44698 /* Info.plist */,
			);
			path = "Spotify-test";
			sourceTree = "<group>";
		};
		04AC18BF26DDCFD300B44698 /* ViewModels */ = {
			isa = PBXGroup;
			children = (
				043A50AE26E0D7F70033C59A /* NewReleasesCellViewModel.swift */,
				043A50B426E0DB1E0033C59A /* FeaturedPlaylistsCellViewModel.swift */,
				043A50BA26E0DBFA0033C59A /* RecommendedTracksCellViewModel.swift */,
				04229FCC26E1CFBC007F73BF /* RecentPlayedTracksCellViewModel.swift */,
				04229FD526E1DF4A007F73BF /* AlbumCollectionViewCellViewModel.swift */,
				04229FF226E1E2D8007F73BF /* PlaylistHeaderViewViewModel.swift */,
				0422A00226E1E84D007F73BF /* CurrentUserPlaylistsCellViewModel.swift */,
				0422A02D26E1F44E007F73BF /* SearchResultDefaultTableViewCellViewModel.swift */,
				0422A03026E1F466007F73BF /* SearchResultSubtitleTableViewCellViewModel.swift */,
				0422A03A26E1FFFC007F73BF /* CategoryCollectionViewCellViewModel.swift */,
				0422A04226E2010B007F73BF /* CategoryPlaylistCellViewModel.swift */,
			);
			path = ViewModels;
			sourceTree = "<group>";
		};
		04AC18C026DDCFDB00B44698 /* Models */ = {
			isa = PBXGroup;
			children = (
				0456927A26DF5B480072650A /* AuthResponse.swift */,
				0456927E26DF89E90072650A /* SettingsModels.swift */,
				049E21C026DDD42400BD770D /* UserProfile.swift */,
				043A509226E0727C0033C59A /* Album.swift */,
				049E21BD26DDD41500BD770D /* Artist.swift */,
				049E21B726DDD40600BD770D /* Playlist.swift */,
				049E21BA26DDD41000BD770D /* AudioTrack.swift */,
				043A508F26E06F210033C59A /* NewReleasesResponse.swift */,
				043A509626E08CB20033C59A /* RecommendationGenresResponse.swift */,
				043A509926E095F60033C59A /* RecommendationsResponse.swift */,
				043A50C526E0F86D0033C59A /* RecentlyPlayedTracksResponse.swift */,
				04229FDE26E1E1C2007F73BF /* CurrentUserAlbumsResponse.swift */,
				04229FE126E1E205007F73BF /* AlbumDetailsResponse.swift */,
				0422A00C26E1EC54007F73BF /* PlaylistDetailsResponse.swift */,
				0422A00F26E1EDB1007F73BF /* CurrentUserPlaylistsResponse.swift */,
				0422A01226E1EF0A007F73BF /* UserFollowingArtistsResponse.swift */,
				0422A01526E1EF80007F73BF /* AllCategoriesResponse.swift */,
				0422A01826E1F0F2007F73BF /* SearchResultResponse.swift */,
			);
			name = Models;
			sourceTree = "<group>";
		};
		04AC18C126DDCFEB00B44698 /* Views */ = {
			isa = PBXGroup;
			children = (
				04AC18B426DDCF9400B44698 /* LaunchScreen.storyboard */,
				043A50CF26E10C5A0033C59A /* TitleHeaderCollectionReusableView.swift */,
				04229FD226E1DEA6007F73BF /* PlaylistHeaderCollectionReusableView.swift */,
				04229FDB26E1DFCC007F73BF /* AlbumTrackCollectionViewCell.swift */,
				04229FFB26E1E524007F73BF /* PlayerControlsView.swift */,
				04229FFA26E1E4EB007F73BF /* Search */,
				043A50A926E0D7370033C59A /* Browse */,
				04E8E30F26DFA65C0076E065 /* Profile */,
				0422A02226E1F378007F73BF /* ActionLabelView.swift */,
				0422A04826E201AD007F73BF /* LibraryToggleView.swift */,
			);
			path = Views;
			sourceTree = "<group>";
		};
		04AC18C226DDCFF000B44698 /* Managers */ = {
			isa = PBXGroup;
			children = (
				049E21AE26DDD3C400BD770D /* AuthManager.swift */,
				049E21B126DDD3DE00BD770D /* APICaller.swift */,
				049E21B426DDD3ED00BD770D /* HapticsManager.swift */,
			);
			path = Managers;
			sourceTree = "<group>";
		};
		04AC18C326DDCFFC00B44698 /* Controllers */ = {
			isa = PBXGroup;
			children = (
				049E219526DDD2A700BD770D /* Core */,
				049E219726DDD2B300BD770D /* Other */,
			);
			path = Controllers;
			sourceTree = "<group>";
		};
		04AC18C426DDD00700B44698 /* Resources */ = {
			isa = PBXGroup;
			children = (
				04AC18A926DDCF9200B44698 /* AppDelegate.swift */,
				04AC18AB26DDCF9200B44698 /* SceneDelegate.swift */,
				042FE41726DDE2A90023DD25 /* Extensions.swift */,
				04AC18B226DDCF9400B44698 /* Assets.xcassets */,
			);
			path = Resources;
			sourceTree = "<group>";
		};
		04E8E30F26DFA65C0076E065 /* Profile */ = {
			isa = PBXGroup;
			children = (
				04E8E30C26DFA04C0076E065 /* ProfileTableViewCell.swift */,
			);
			path = Profile;
			sourceTree = "<group>";
		};
		55A099FE628179D802A986C7 /* Frameworks */ = {
			isa = PBXGroup;
			children = (
				3608962D3B9EAE30BD9ACC59 /* Pods_Spotify_test.framework */,
			);
			name = Frameworks;
			sourceTree = "<group>";
		};
		7C6996018BA91A251053AADB /* Pods */ = {
			isa = PBXGroup;
			children = (
				FC06F28453ADEB777DA3D1E6 /* Pods-Spotify-test.debug.xcconfig */,
				2FDBBBD0D97EBF38B3D4FD35 /* Pods-Spotify-test.release.xcconfig */,
			);
			path = Pods;
			sourceTree = "<group>";
		};
/* End PBXGroup section */

/* Begin PBXNativeTarget section */
		04AC18A526DDCF9200B44698 /* Spotify-test */ = {
			isa = PBXNativeTarget;
			buildConfigurationList = 04AC18BA26DDCF9400B44698 /* Build configuration list for PBXNativeTarget "Spotify-test" */;
			buildPhases = (
				795EE8889E401D1973731A41 /* [CP] Check Pods Manifest.lock */,
				04AC18A226DDCF9200B44698 /* Sources */,
				04AC18A326DDCF9200B44698 /* Frameworks */,
				04AC18A426DDCF9200B44698 /* Resources */,
				31CBFBEE5BAA51EA9721AD53 /* [CP] Embed Pods Frameworks */,
			);
			buildRules = (
			);
			dependencies = (
			);
			name = "Spotify-test";
			productName = "Spotify-test";
			productReference = 04AC18A626DDCF9200B44698 /* Spotify-test.app */;
			productType = "com.apple.product-type.application";
		};
/* End PBXNativeTarget section */

/* Begin PBXProject section */
		04AC189E26DDCF9100B44698 /* Project object */ = {
			isa = PBXProject;
			attributes = {
				LastSwiftUpdateCheck = 1240;
				LastUpgradeCheck = 1240;
				TargetAttributes = {
					04AC18A526DDCF9200B44698 = {
						CreatedOnToolsVersion = 12.4;
					};
				};
			};
			buildConfigurationList = 04AC18A126DDCF9100B44698 /* Build configuration list for PBXProject "Spotify-test" */;
			compatibilityVersion = "Xcode 9.3";
			developmentRegion = en;
			hasScannedForEncodings = 0;
			knownRegions = (
				en,
				Base,
			);
			mainGroup = 04AC189D26DDCF9100B44698;
			productRefGroup = 04AC18A726DDCF9200B44698 /* Products */;
			projectDirPath = "";
			projectRoot = "";
			targets = (
				04AC18A526DDCF9200B44698 /* Spotify-test */,
			);
		};
/* End PBXProject section */

/* Begin PBXResourcesBuildPhase section */
		04AC18A426DDCF9200B44698 /* Resources */ = {
			isa = PBXResourcesBuildPhase;
			buildActionMask = 2147483647;
			files = (
				04AC18B626DDCF9400B44698 /* LaunchScreen.storyboard in Resources */,
				04AC18B326DDCF9400B44698 /* Assets.xcassets in Resources */,
			);
			runOnlyForDeploymentPostprocessing = 0;
		};
/* End PBXResourcesBuildPhase section */

/* Begin PBXShellScriptBuildPhase section */
		31CBFBEE5BAA51EA9721AD53 /* [CP] Embed Pods Frameworks */ = {
			isa = PBXShellScriptBuildPhase;
			buildActionMask = 2147483647;
			files = (
			);
			inputFileListPaths = (
				"${PODS_ROOT}/Target Support Files/Pods-Spotify-test/Pods-Spotify-test-frameworks-${CONFIGURATION}-input-files.xcfilelist",
			);
			name = "[CP] Embed Pods Frameworks";
			outputFileListPaths = (
				"${PODS_ROOT}/Target Support Files/Pods-Spotify-test/Pods-Spotify-test-frameworks-${CONFIGURATION}-output-files.xcfilelist",
			);
			runOnlyForDeploymentPostprocessing = 0;
			shellPath = /bin/sh;
			shellScript = "\"${PODS_ROOT}/Target Support Files/Pods-Spotify-test/Pods-Spotify-test-frameworks.sh\"\n";
			showEnvVarsInLog = 0;
		};
		795EE8889E401D1973731A41 /* [CP] Check Pods Manifest.lock */ = {
			isa = PBXShellScriptBuildPhase;
			buildActionMask = 2147483647;
			files = (
			);
			inputFileListPaths = (
			);
			inputPaths = (
				"${PODS_PODFILE_DIR_PATH}/Podfile.lock",
				"${PODS_ROOT}/Manifest.lock",
			);
			name = "[CP] Check Pods Manifest.lock";
			outputFileListPaths = (
			);
			outputPaths = (
				"$(DERIVED_FILE_DIR)/Pods-Spotify-test-checkManifestLockResult.txt",
			);
			runOnlyForDeploymentPostprocessing = 0;
			shellPath = /bin/sh;
			shellScript = "diff \"${PODS_PODFILE_DIR_PATH}/Podfile.lock\" \"${PODS_ROOT}/Manifest.lock\" > /dev/null\nif [ $? != 0 ] ; then\n    # print error to STDERR\n    echo \"error: The sandbox is not in sync with the Podfile.lock. Run 'pod install' or update your CocoaPods installation.\" >&2\n    exit 1\nfi\n# This output is used by Xcode 'outputs' to avoid re-running this script phase.\necho \"SUCCESS\" > \"${SCRIPT_OUTPUT_FILE_0}\"\n";
			showEnvVarsInLog = 0;
		};
/* End PBXShellScriptBuildPhase section */

/* Begin PBXSourcesBuildPhase section */
		04AC18A226DDCF9200B44698 /* Sources */ = {
			isa = PBXSourcesBuildPhase;
			buildActionMask = 2147483647;
			files = (
				043A50B526E0DB1E0033C59A /* FeaturedPlaylistsCellViewModel.swift in Sources */,
				0422A03F26E200B7007F73BF /* WebViewController.swift in Sources */,
				049E219026DDD27700BD770D /* SearchViewController.swift in Sources */,
				0422A00926E1EB1F007F73BF /* PlaylistCollectionViewCell.swift in Sources */,
				04229FD326E1DEA6007F73BF /* PlaylistHeaderCollectionReusableView.swift in Sources */,
				04229FDF26E1E1C2007F73BF /* CurrentUserAlbumsResponse.swift in Sources */,
				0422A03126E1F467007F73BF /* SearchResultSubtitleTableViewCellViewModel.swift in Sources */,
				049E21B826DDD40600BD770D /* Playlist.swift in Sources */,
				0422A01626E1EF80007F73BF /* AllCategoriesResponse.swift in Sources */,
				0422A02026E1F300007F73BF /* LibraryAlbumsViewController.swift in Sources */,
				0422A00326E1E84D007F73BF /* CurrentUserPlaylistsCellViewModel.swift in Sources */,
				0422A01026E1EDB1007F73BF /* CurrentUserPlaylistsResponse.swift in Sources */,
				049E21AF26DDD3C400BD770D /* AuthManager.swift in Sources */,
				043A50BB26E0DBFA0033C59A /* RecommendedTracksCellViewModel.swift in Sources */,
				049E21AC26DDD34900BD770D /* SearchResultsViewController.swift in Sources */,
				049E219D26DDD2F400BD770D /* WelcomeViewController.swift in Sources */,
				04229FE226E1E205007F73BF /* AlbumDetailsResponse.swift in Sources */,
				049E218B26DDD1FD00BD770D /* TabBarViewController.swift in Sources */,
				0422A00D26E1EC54007F73BF /* PlaylistDetailsResponse.swift in Sources */,
				04AC18AE26DDCF9200B44698 /* HomeViewController.swift in Sources */,
				043A50C626E0F86D0033C59A /* RecentlyPlayedTracksResponse.swift in Sources */,
				0422A00626E1E98D007F73BF /* UserPlaylistsCollectionViewCell.swift in Sources */,
				0422A04926E201AD007F73BF /* LibraryToggleView.swift in Sources */,
				043A50D026E10C5A0033C59A /* TitleHeaderCollectionReusableView.swift in Sources */,
				043A509026E06F210033C59A /* NewReleasesResponse.swift in Sources */,
				049E21B526DDD3ED00BD770D /* HapticsManager.swift in Sources */,
				0456927B26DF5B480072650A /* AuthResponse.swift in Sources */,
				04E8E30D26DFA04C0076E065 /* ProfileTableViewCell.swift in Sources */,
				04229FD026E1DC3E007F73BF /* AlbumViewController.swift in Sources */,
				043A509A26E095F60033C59A /* RecommendationsResponse.swift in Sources */,
				049E21BB26DDD41000BD770D /* AudioTrack.swift in Sources */,
				049E219926DDD2E900BD770D /* AuthViewController.swift in Sources */,
				04229FCD26E1CFBC007F73BF /* RecentPlayedTracksCellViewModel.swift in Sources */,
				043A50AB26E0D7610033C59A /* NewReleaseCollectionViewCell.swift in Sources */,
				043A509326E0727C0033C59A /* Album.swift in Sources */,
				04229FF326E1E2D8007F73BF /* PlaylistHeaderViewViewModel.swift in Sources */,
				04AC18AA26DDCF9200B44698 /* AppDelegate.swift in Sources */,
				0422A04626E2014C007F73BF /* CategoryViewController.swift in Sources */,
				0422A04326E2010B007F73BF /* CategoryPlaylistCellViewModel.swift in Sources */,
				043A509726E08CB20033C59A /* RecommendationGenresResponse.swift in Sources */,
				049E21A926DDD33600BD770D /* ProfileViewController.swift in Sources */,
				04229FD626E1DF4A007F73BF /* AlbumCollectionViewCellViewModel.swift in Sources */,
				043A50B826E0DBB60033C59A /* RecommendedTracksCollectionViewCell.swift in Sources */,
				049E21C126DDD42400BD770D /* UserProfile.swift in Sources */,
				0422A03426E1FF91007F73BF /* CategoryCollectionViewCell.swift in Sources */,
				0422A02326E1F378007F73BF /* ActionLabelView.swift in Sources */,
				0422A01926E1F0F2007F73BF /* SearchResultResponse.swift in Sources */,
				0422A03B26E1FFFC007F73BF /* CategoryCollectionViewCellViewModel.swift in Sources */,
				042FE41826DDE2A90023DD25 /* Extensions.swift in Sources */,
				0422A01D26E1F2EC007F73BF /* LibraryPlaylistsViewController.swift in Sources */,
				0422A02726E1F40A007F73BF /* SearchResultSubtitleTableViewCell.swift in Sources */,
				049E219326DDD28300BD770D /* LibraryViewController.swift in Sources */,
				0422A02E26E1F44E007F73BF /* SearchResultDefaultTableViewCellViewModel.swift in Sources */,
				049E21BE26DDD41500BD770D /* Artist.swift in Sources */,
				043A50C926E1061F0033C59A /* RecentlyPlayedTracksCollectionViewCell.swift in Sources */,
				0456927F26DF89E90072650A /* SettingsModels.swift in Sources */,
				0422A01326E1EF0A007F73BF /* UserFollowingArtistsResponse.swift in Sources */,
				04229FF826E1E382007F73BF /* PlaybackPresenter.swift in Sources */,
				0422A02B26E1F421007F73BF /* SearchResultDefaultTableViewCell.swift in Sources */,
				04229FDC26E1DFCC007F73BF /* AlbumTrackCollectionViewCell.swift in Sources */,
				049E21A626DDD31C00BD770D /* PlaylistViewController.swift in Sources */,
				04AC18AC26DDCF9200B44698 /* SceneDelegate.swift in Sources */,
				049E21A026DDD2FD00BD770D /* SettingsViewController.swift in Sources */,
				0422A03826E1FFB1007F73BF /* CategoryPlaylistCollectionViewCell.swift in Sources */,
				043A50AF26E0D7F70033C59A /* NewReleasesCellViewModel.swift in Sources */,
				043A50B226E0DADD0033C59A /* FeaturedPlaylistsCollectionViewCell.swift in Sources */,
				049E21B226DDD3DE00BD770D /* APICaller.swift in Sources */,
				049E21A326DDD30E00BD770D /* PlayerViewController.swift in Sources */,
				04229FFC26E1E524007F73BF /* PlayerControlsView.swift in Sources */,
			);
			runOnlyForDeploymentPostprocessing = 0;
		};
/* End PBXSourcesBuildPhase section */

/* Begin PBXVariantGroup section */
		04AC18B426DDCF9400B44698 /* LaunchScreen.storyboard */ = {
			isa = PBXVariantGroup;
			children = (
				04AC18B526DDCF9400B44698 /* Base */,
			);
			name = LaunchScreen.storyboard;
			sourceTree = "<group>";
		};
/* End PBXVariantGroup section */

/* Begin XCBuildConfiguration section */
		04AC18B826DDCF9400B44698 /* Debug */ = {
			isa = XCBuildConfiguration;
			buildSettings = {
				ALWAYS_SEARCH_USER_PATHS = NO;
				CLANG_ANALYZER_NONNULL = YES;
				CLANG_ANALYZER_NUMBER_OBJECT_CONVERSION = YES_AGGRESSIVE;
				CLANG_CXX_LANGUAGE_STANDARD = "gnu++14";
				CLANG_CXX_LIBRARY = "libc++";
				CLANG_ENABLE_MODULES = YES;
				CLANG_ENABLE_OBJC_ARC = YES;
				CLANG_ENABLE_OBJC_WEAK = YES;
				CLANG_WARN_BLOCK_CAPTURE_AUTORELEASING = YES;
				CLANG_WARN_BOOL_CONVERSION = YES;
				CLANG_WARN_COMMA = YES;
				CLANG_WARN_CONSTANT_CONVERSION = YES;
				CLANG_WARN_DEPRECATED_OBJC_IMPLEMENTATIONS = YES;
				CLANG_WARN_DIRECT_OBJC_ISA_USAGE = YES_ERROR;
				CLANG_WARN_DOCUMENTATION_COMMENTS = YES;
				CLANG_WARN_EMPTY_BODY = YES;
				CLANG_WARN_ENUM_CONVERSION = YES;
				CLANG_WARN_INFINITE_RECURSION = YES;
				CLANG_WARN_INT_CONVERSION = YES;
				CLANG_WARN_NON_LITERAL_NULL_CONVERSION = YES;
				CLANG_WARN_OBJC_IMPLICIT_RETAIN_SELF = YES;
				CLANG_WARN_OBJC_LITERAL_CONVERSION = YES;
				CLANG_WARN_OBJC_ROOT_CLASS = YES_ERROR;
				CLANG_WARN_QUOTED_INCLUDE_IN_FRAMEWORK_HEADER = YES;
				CLANG_WARN_RANGE_LOOP_ANALYSIS = YES;
				CLANG_WARN_STRICT_PROTOTYPES = YES;
				CLANG_WARN_SUSPICIOUS_MOVE = YES;
				CLANG_WARN_UNGUARDED_AVAILABILITY = YES_AGGRESSIVE;
				CLANG_WARN_UNREACHABLE_CODE = YES;
				CLANG_WARN__DUPLICATE_METHOD_MATCH = YES;
				COPY_PHASE_STRIP = NO;
				DEBUG_INFORMATION_FORMAT = dwarf;
				ENABLE_STRICT_OBJC_MSGSEND = YES;
				ENABLE_TESTABILITY = YES;
				GCC_C_LANGUAGE_STANDARD = gnu11;
				GCC_DYNAMIC_NO_PIC = NO;
				GCC_NO_COMMON_BLOCKS = YES;
				GCC_OPTIMIZATION_LEVEL = 0;
				GCC_PREPROCESSOR_DEFINITIONS = (
					"DEBUG=1",
					"$(inherited)",
				);
				GCC_WARN_64_TO_32_BIT_CONVERSION = YES;
				GCC_WARN_ABOUT_RETURN_TYPE = YES_ERROR;
				GCC_WARN_UNDECLARED_SELECTOR = YES;
				GCC_WARN_UNINITIALIZED_AUTOS = YES_AGGRESSIVE;
				GCC_WARN_UNUSED_FUNCTION = YES;
				GCC_WARN_UNUSED_VARIABLE = YES;
				IPHONEOS_DEPLOYMENT_TARGET = 14.4;
				MTL_ENABLE_DEBUG_INFO = INCLUDE_SOURCE;
				MTL_FAST_MATH = YES;
				ONLY_ACTIVE_ARCH = YES;
				SDKROOT = iphoneos;
				SWIFT_ACTIVE_COMPILATION_CONDITIONS = DEBUG;
				SWIFT_OPTIMIZATION_LEVEL = "-Onone";
			};
			name = Debug;
		};
		04AC18B926DDCF9400B44698 /* Release */ = {
			isa = XCBuildConfiguration;
			buildSettings = {
				ALWAYS_SEARCH_USER_PATHS = NO;
				CLANG_ANALYZER_NONNULL = YES;
				CLANG_ANALYZER_NUMBER_OBJECT_CONVERSION = YES_AGGRESSIVE;
				CLANG_CXX_LANGUAGE_STANDARD = "gnu++14";
				CLANG_CXX_LIBRARY = "libc++";
				CLANG_ENABLE_MODULES = YES;
				CLANG_ENABLE_OBJC_ARC = YES;
				CLANG_ENABLE_OBJC_WEAK = YES;
				CLANG_WARN_BLOCK_CAPTURE_AUTORELEASING = YES;
				CLANG_WARN_BOOL_CONVERSION = YES;
				CLANG_WARN_COMMA = YES;
				CLANG_WARN_CONSTANT_CONVERSION = YES;
				CLANG_WARN_DEPRECATED_OBJC_IMPLEMENTATIONS = YES;
				CLANG_WARN_DIRECT_OBJC_ISA_USAGE = YES_ERROR;
				CLANG_WARN_DOCUMENTATION_COMMENTS = YES;
				CLANG_WARN_EMPTY_BODY = YES;
				CLANG_WARN_ENUM_CONVERSION = YES;
				CLANG_WARN_INFINITE_RECURSION = YES;
				CLANG_WARN_INT_CONVERSION = YES;
				CLANG_WARN_NON_LITERAL_NULL_CONVERSION = YES;
				CLANG_WARN_OBJC_IMPLICIT_RETAIN_SELF = YES;
				CLANG_WARN_OBJC_LITERAL_CONVERSION = YES;
				CLANG_WARN_OBJC_ROOT_CLASS = YES_ERROR;
				CLANG_WARN_QUOTED_INCLUDE_IN_FRAMEWORK_HEADER = YES;
				CLANG_WARN_RANGE_LOOP_ANALYSIS = YES;
				CLANG_WARN_STRICT_PROTOTYPES = YES;
				CLANG_WARN_SUSPICIOUS_MOVE = YES;
				CLANG_WARN_UNGUARDED_AVAILABILITY = YES_AGGRESSIVE;
				CLANG_WARN_UNREACHABLE_CODE = YES;
				CLANG_WARN__DUPLICATE_METHOD_MATCH = YES;
				COPY_PHASE_STRIP = NO;
				DEBUG_INFORMATION_FORMAT = "dwarf-with-dsym";
				ENABLE_NS_ASSERTIONS = NO;
				ENABLE_STRICT_OBJC_MSGSEND = YES;
				GCC_C_LANGUAGE_STANDARD = gnu11;
				GCC_NO_COMMON_BLOCKS = YES;
				GCC_WARN_64_TO_32_BIT_CONVERSION = YES;
				GCC_WARN_ABOUT_RETURN_TYPE = YES_ERROR;
				GCC_WARN_UNDECLARED_SELECTOR = YES;
				GCC_WARN_UNINITIALIZED_AUTOS = YES_AGGRESSIVE;
				GCC_WARN_UNUSED_FUNCTION = YES;
				GCC_WARN_UNUSED_VARIABLE = YES;
				IPHONEOS_DEPLOYMENT_TARGET = 14.4;
				MTL_ENABLE_DEBUG_INFO = NO;
				MTL_FAST_MATH = YES;
				SDKROOT = iphoneos;
				SWIFT_COMPILATION_MODE = wholemodule;
				SWIFT_OPTIMIZATION_LEVEL = "-O";
				VALIDATE_PRODUCT = YES;
			};
			name = Release;
		};
		04AC18BB26DDCF9400B44698 /* Debug */ = {
			isa = XCBuildConfiguration;
			baseConfigurationReference = FC06F28453ADEB777DA3D1E6 /* Pods-Spotify-test.debug.xcconfig */;
			buildSettings = {
				ASSETCATALOG_COMPILER_APPICON_NAME = AppIcon;
				ASSETCATALOG_COMPILER_GLOBAL_ACCENT_COLOR_NAME = AccentColor;
				CODE_SIGN_STYLE = Automatic;
				DEVELOPMENT_TEAM = 7ZBHT89JPN;
				INFOPLIST_FILE = "Spotify-test/Info.plist";
				IPHONEOS_DEPLOYMENT_TARGET = 13.6;
				LD_RUNPATH_SEARCH_PATHS = (
					"$(inherited)",
					"@executable_path/Frameworks",
				);
				PRODUCT_BUNDLE_IDENTIFIER = "com.jervygu.Spotify-test";
				PRODUCT_NAME = "$(TARGET_NAME)";
				SWIFT_VERSION = 5.0;
				TARGETED_DEVICE_FAMILY = "1,2";
			};
			name = Debug;
		};
		04AC18BC26DDCF9400B44698 /* Release */ = {
			isa = XCBuildConfiguration;
			baseConfigurationReference = 2FDBBBD0D97EBF38B3D4FD35 /* Pods-Spotify-test.release.xcconfig */;
			buildSettings = {
				ASSETCATALOG_COMPILER_APPICON_NAME = AppIcon;
				ASSETCATALOG_COMPILER_GLOBAL_ACCENT_COLOR_NAME = AccentColor;
				CODE_SIGN_STYLE = Automatic;
				DEVELOPMENT_TEAM = 7ZBHT89JPN;
				INFOPLIST_FILE = "Spotify-test/Info.plist";
				IPHONEOS_DEPLOYMENT_TARGET = 13.6;
				LD_RUNPATH_SEARCH_PATHS = (
					"$(inherited)",
					"@executable_path/Frameworks",
				);
				PRODUCT_BUNDLE_IDENTIFIER = "com.jervygu.Spotify-test";
				PRODUCT_NAME = "$(TARGET_NAME)";
				SWIFT_VERSION = 5.0;
				TARGETED_DEVICE_FAMILY = "1,2";
			};
			name = Release;
		};
/* End XCBuildConfiguration section */

/* Begin XCConfigurationList section */
		04AC18A126DDCF9100B44698 /* Build configuration list for PBXProject "Spotify-test" */ = {
			isa = XCConfigurationList;
			buildConfigurations = (
				04AC18B826DDCF9400B44698 /* Debug */,
				04AC18B926DDCF9400B44698 /* Release */,
			);
			defaultConfigurationIsVisible = 0;
			defaultConfigurationName = Release;
		};
		04AC18BA26DDCF9400B44698 /* Build configuration list for PBXNativeTarget "Spotify-test" */ = {
			isa = XCConfigurationList;
			buildConfigurations = (
				04AC18BB26DDCF9400B44698 /* Debug */,
				04AC18BC26DDCF9400B44698 /* Release */,
			);
			defaultConfigurationIsVisible = 0;
			defaultConfigurationName = Release;
		};
/* End XCConfigurationList section */
	};
	rootObject = 04AC189E26DDCF9100B44698 /* Project object */;
}
