// !$*UTF8*$!
{
	archiveVersion = 1;
	classes = {
	};
	objectVersion = 50;
	objects = {

/* Begin PBXBuildFile section */
		042FE41826DDE2A90023DD25 /* Extensions.swift in Sources */ = {isa = PBXBuildFile; fileRef = 042FE41726DDE2A90023DD25 /* Extensions.swift */; };
		0456927B26DF5B480072650A /* AuthResponse.swift in Sources */ = {isa = PBXBuildFile; fileRef = 0456927A26DF5B480072650A /* AuthResponse.swift */; };
		049E218B26DDD1FD00BD770D /* TabBarViewController.swift in Sources */ = {isa = PBXBuildFile; fileRef = 049E218A26DDD1FD00BD770D /* TabBarViewController.swift */; };
		049E219026DDD27700BD770D /* SearchViewController.swift in Sources */ = {isa = PBXBuildFile; fileRef = 049E218F26DDD27700BD770D /* SearchViewController.swift */; };
		049E219326DDD28300BD770D /* LibraryViewController.swift in Sources */ = {isa = PBXBuildFile; fileRef = 049E219226DDD28300BD770D /* LibraryViewController.swift */; };
		049E219926DDD2E900BD770D /* AuthViewController.swift in Sources */ = {isa = PBXBuildFile; fileRef = 049E219826DDD2E900BD770D /* AuthViewController.swift */; };
		049E219D26DDD2F400BD770D /* WelcomeViewController.swift in Sources */ = {isa = PBXBuildFile; fileRef = 049E219C26DDD2F400BD770D /* WelcomeViewController.swift */; };
		049E21A026DDD2FD00BD770D /* SettingsViewController.swift in Sources */ = {isa = PBXBuildFile; fileRef = 049E219F26DDD2FD00BD770D /* SettingsViewController.swift */; };
		049E21A326DDD30E00BD770D /* PlayerViewController.swift in Sources */ = {isa = PBXBuildFile; fileRef = 049E21A226DDD30E00BD770D /* PlayerViewController.swift */; };
		049E21A626DDD31C00BD770D /* PlaylistViewController.swift in Sources */ = {isa = PBXBuildFile; fileRef = 049E21A526DDD31C00BD770D /* PlaylistViewController.swift */; };
		049E21A926DDD33600BD770D /* ProfileViewController.swift in Sources */ = {isa = PBXBuildFile; fileRef = 049E21A826DDD33600BD770D /* ProfileViewController.swift */; };
		049E21AC26DDD34900BD770D /* SearchResultsViewController.swift in Sources */ = {isa = PBXBuildFile; fileRef = 049E21AB26DDD34900BD770D /* SearchResultsViewController.swift */; };
		049E21AF26DDD3C400BD770D /* AuthManager.swift in Sources */ = {isa = PBXBuildFile; fileRef = 049E21AE26DDD3C400BD770D /* AuthManager.swift */; };
		049E21B226DDD3DE00BD770D /* APICaller.swift in Sources */ = {isa = PBXBuildFile; fileRef = 049E21B126DDD3DE00BD770D /* APICaller.swift */; };
		049E21B526DDD3ED00BD770D /* HapticsManager.swift in Sources */ = {isa = PBXBuildFile; fileRef = 049E21B426DDD3ED00BD770D /* HapticsManager.swift */; };
		049E21B826DDD40600BD770D /* Playlist.swift in Sources */ = {isa = PBXBuildFile; fileRef = 049E21B726DDD40600BD770D /* Playlist.swift */; };
		049E21BB26DDD41000BD770D /* AudioTrack.swift in Sources */ = {isa = PBXBuildFile; fileRef = 049E21BA26DDD41000BD770D /* AudioTrack.swift */; };
		049E21BE26DDD41500BD770D /* Artist.swift in Sources */ = {isa = PBXBuildFile; fileRef = 049E21BD26DDD41500BD770D /* Artist.swift */; };
		049E21C126DDD42400BD770D /* UserProfile.swift in Sources */ = {isa = PBXBuildFile; fileRef = 049E21C026DDD42400BD770D /* UserProfile.swift */; };
		04AC18AA26DDCF9200B44698 /* AppDelegate.swift in Sources */ = {isa = PBXBuildFile; fileRef = 04AC18A926DDCF9200B44698 /* AppDelegate.swift */; };
		04AC18AC26DDCF9200B44698 /* SceneDelegate.swift in Sources */ = {isa = PBXBuildFile; fileRef = 04AC18AB26DDCF9200B44698 /* SceneDelegate.swift */; };
		04AC18AE26DDCF9200B44698 /* HomeViewController.swift in Sources */ = {isa = PBXBuildFile; fileRef = 04AC18AD26DDCF9200B44698 /* HomeViewController.swift */; };
		04AC18B326DDCF9400B44698 /* Assets.xcassets in Resources */ = {isa = PBXBuildFile; fileRef = 04AC18B226DDCF9400B44698 /* Assets.xcassets */; };
		04AC18B626DDCF9400B44698 /* LaunchScreen.storyboard in Resources */ = {isa = PBXBuildFile; fileRef = 04AC18B426DDCF9400B44698 /* LaunchScreen.storyboard */; };
/* End PBXBuildFile section */

/* Begin PBXFileReference section */
		042FE41726DDE2A90023DD25 /* Extensions.swift */ = {isa = PBXFileReference; lastKnownFileType = sourcecode.swift; path = Extensions.swift; sourceTree = "<group>"; };
		0456927A26DF5B480072650A /* AuthResponse.swift */ = {isa = PBXFileReference; lastKnownFileType = sourcecode.swift; path = AuthResponse.swift; sourceTree = "<group>"; };
		049E218A26DDD1FD00BD770D /* TabBarViewController.swift */ = {isa = PBXFileReference; lastKnownFileType = sourcecode.swift; path = TabBarViewController.swift; sourceTree = "<group>"; };
		049E218F26DDD27700BD770D /* SearchViewController.swift */ = {isa = PBXFileReference; lastKnownFileType = sourcecode.swift; path = SearchViewController.swift; sourceTree = "<group>"; };
		049E219226DDD28300BD770D /* LibraryViewController.swift */ = {isa = PBXFileReference; lastKnownFileType = sourcecode.swift; path = LibraryViewController.swift; sourceTree = "<group>"; };
		049E219826DDD2E900BD770D /* AuthViewController.swift */ = {isa = PBXFileReference; lastKnownFileType = sourcecode.swift; path = AuthViewController.swift; sourceTree = "<group>"; };
		049E219C26DDD2F400BD770D /* WelcomeViewController.swift */ = {isa = PBXFileReference; lastKnownFileType = sourcecode.swift; path = WelcomeViewController.swift; sourceTree = "<group>"; };
		049E219F26DDD2FD00BD770D /* SettingsViewController.swift */ = {isa = PBXFileReference; lastKnownFileType = sourcecode.swift; path = SettingsViewController.swift; sourceTree = "<group>"; };
		049E21A226DDD30E00BD770D /* PlayerViewController.swift */ = {isa = PBXFileReference; lastKnownFileType = sourcecode.swift; path = PlayerViewController.swift; sourceTree = "<group>"; };
		049E21A526DDD31C00BD770D /* PlaylistViewController.swift */ = {isa = PBXFileReference; lastKnownFileType = sourcecode.swift; path = PlaylistViewController.swift; sourceTree = "<group>"; };
		049E21A826DDD33600BD770D /* ProfileViewController.swift */ = {isa = PBXFileReference; lastKnownFileType = sourcecode.swift; path = ProfileViewController.swift; sourceTree = "<group>"; };
		049E21AB26DDD34900BD770D /* SearchResultsViewController.swift */ = {isa = PBXFileReference; lastKnownFileType = sourcecode.swift; path = SearchResultsViewController.swift; sourceTree = "<group>"; };
		049E21AE26DDD3C400BD770D /* AuthManager.swift */ = {isa = PBXFileReference; lastKnownFileType = sourcecode.swift; path = AuthManager.swift; sourceTree = "<group>"; };
		049E21B126DDD3DE00BD770D /* APICaller.swift */ = {isa = PBXFileReference; lastKnownFileType = sourcecode.swift; path = APICaller.swift; sourceTree = "<group>"; };
		049E21B426DDD3ED00BD770D /* HapticsManager.swift */ = {isa = PBXFileReference; lastKnownFileType = sourcecode.swift; path = HapticsManager.swift; sourceTree = "<group>"; };
		049E21B726DDD40600BD770D /* Playlist.swift */ = {isa = PBXFileReference; lastKnownFileType = sourcecode.swift; path = Playlist.swift; sourceTree = "<group>"; };
		049E21BA26DDD41000BD770D /* AudioTrack.swift */ = {isa = PBXFileReference; lastKnownFileType = sourcecode.swift; path = AudioTrack.swift; sourceTree = "<group>"; };
		049E21BD26DDD41500BD770D /* Artist.swift */ = {isa = PBXFileReference; lastKnownFileType = sourcecode.swift; path = Artist.swift; sourceTree = "<group>"; };
		049E21C026DDD42400BD770D /* UserProfile.swift */ = {isa = PBXFileReference; lastKnownFileType = sourcecode.swift; path = UserProfile.swift; sourceTree = "<group>"; };
		04AC18A626DDCF9200B44698 /* Spotify-test.app */ = {isa = PBXFileReference; explicitFileType = wrapper.application; includeInIndex = 0; path = "Spotify-test.app"; sourceTree = BUILT_PRODUCTS_DIR; };
		04AC18A926DDCF9200B44698 /* AppDelegate.swift */ = {isa = PBXFileReference; lastKnownFileType = sourcecode.swift; path = AppDelegate.swift; sourceTree = "<group>"; };
		04AC18AB26DDCF9200B44698 /* SceneDelegate.swift */ = {isa = PBXFileReference; lastKnownFileType = sourcecode.swift; path = SceneDelegate.swift; sourceTree = "<group>"; };
		04AC18AD26DDCF9200B44698 /* HomeViewController.swift */ = {isa = PBXFileReference; lastKnownFileType = sourcecode.swift; path = HomeViewController.swift; sourceTree = "<group>"; };
		04AC18B226DDCF9400B44698 /* Assets.xcassets */ = {isa = PBXFileReference; lastKnownFileType = folder.assetcatalog; path = Assets.xcassets; sourceTree = "<group>"; };
		04AC18B526DDCF9400B44698 /* Base */ = {isa = PBXFileReference; lastKnownFileType = file.storyboard; name = Base; path = Base.lproj/LaunchScreen.storyboard; sourceTree = "<group>"; };
		04AC18B726DDCF9400B44698 /* Info.plist */ = {isa = PBXFileReference; lastKnownFileType = text.plist.xml; path = Info.plist; sourceTree = "<group>"; };
/* End PBXFileReference section */

/* Begin PBXFrameworksBuildPhase section */
		04AC18A326DDCF9200B44698 /* Frameworks */ = {
			isa = PBXFrameworksBuildPhase;
			buildActionMask = 2147483647;
			files = (
			);
			runOnlyForDeploymentPostprocessing = 0;
		};
/* End PBXFrameworksBuildPhase section */

/* Begin PBXGroup section */
		049E219526DDD2A700BD770D /* Core */ = {
			isa = PBXGroup;
			children = (
				049E218A26DDD1FD00BD770D /* TabBarViewController.swift */,
				04AC18AD26DDCF9200B44698 /* HomeViewController.swift */,
				049E218F26DDD27700BD770D /* SearchViewController.swift */,
				049E219226DDD28300BD770D /* LibraryViewController.swift */,
			);
			path = Core;
			sourceTree = "<group>";
		};
		049E219726DDD2B300BD770D /* Other */ = {
			isa = PBXGroup;
			children = (
				049E219826DDD2E900BD770D /* AuthViewController.swift */,
				049E219C26DDD2F400BD770D /* WelcomeViewController.swift */,
				049E219F26DDD2FD00BD770D /* SettingsViewController.swift */,
				049E21A826DDD33600BD770D /* ProfileViewController.swift */,
				049E21A226DDD30E00BD770D /* PlayerViewController.swift */,
				049E21A526DDD31C00BD770D /* PlaylistViewController.swift */,
				049E21AB26DDD34900BD770D /* SearchResultsViewController.swift */,
			);
			path = Other;
			sourceTree = "<group>";
		};
		04AC189D26DDCF9100B44698 = {
			isa = PBXGroup;
			children = (
				04AC18A826DDCF9200B44698 /* Spotify-test */,
				04AC18A726DDCF9200B44698 /* Products */,
			);
			sourceTree = "<group>";
		};
		04AC18A726DDCF9200B44698 /* Products */ = {
			isa = PBXGroup;
			children = (
				04AC18A626DDCF9200B44698 /* Spotify-test.app */,
			);
			name = Products;
			sourceTree = "<group>";
		};
		04AC18A826DDCF9200B44698 /* Spotify-test */ = {
			isa = PBXGroup;
			children = (
				04AC18C426DDD00700B44698 /* Resources */,
				04AC18C226DDCFF000B44698 /* Managers */,
				04AC18C326DDCFFC00B44698 /* Controllers */,
				04AC18C026DDCFDB00B44698 /* Models */,
				04AC18C126DDCFEB00B44698 /* Views */,
				04AC18BF26DDCFD300B44698 /* ViewModels */,
				04AC18B726DDCF9400B44698 /* Info.plist */,
			);
			path = "Spotify-test";
			sourceTree = "<group>";
		};
		04AC18BF26DDCFD300B44698 /* ViewModels */ = {
			isa = PBXGroup;
			children = (
			);
			path = ViewModels;
			sourceTree = "<group>";
		};
		04AC18C026DDCFDB00B44698 /* Models */ = {
			isa = PBXGroup;
			children = (
				0456927A26DF5B480072650A /* AuthResponse.swift */,
				049E21B726DDD40600BD770D /* Playlist.swift */,
				049E21BA26DDD41000BD770D /* AudioTrack.swift */,
				049E21BD26DDD41500BD770D /* Artist.swift */,
				049E21C026DDD42400BD770D /* UserProfile.swift */,
			);
			name = Models;
			sourceTree = "<group>";
		};
		04AC18C126DDCFEB00B44698 /* Views */ = {
			isa = PBXGroup;
			children = (
				04AC18B426DDCF9400B44698 /* LaunchScreen.storyboard */,
			);
			path = Views;
			sourceTree = "<group>";
		};
		04AC18C226DDCFF000B44698 /* Managers */ = {
			isa = PBXGroup;
			children = (
				049E21AE26DDD3C400BD770D /* AuthManager.swift */,
				049E21B126DDD3DE00BD770D /* APICaller.swift */,
				049E21B426DDD3ED00BD770D /* HapticsManager.swift */,
			);
			path = Managers;
			sourceTree = "<group>";
		};
		04AC18C326DDCFFC00B44698 /* Controllers */ = {
			isa = PBXGroup;
			children = (
				049E219526DDD2A700BD770D /* Core */,
				049E219726DDD2B300BD770D /* Other */,
			);
			path = Controllers;
			sourceTree = "<group>";
		};
		04AC18C426DDD00700B44698 /* Resources */ = {
			isa = PBXGroup;
			children = (
				04AC18A926DDCF9200B44698 /* AppDelegate.swift */,
				04AC18AB26DDCF9200B44698 /* SceneDelegate.swift */,
				042FE41726DDE2A90023DD25 /* Extensions.swift */,
				04AC18B226DDCF9400B44698 /* Assets.xcassets */,
			);
			path = Resources;
			sourceTree = "<group>";
		};
/* End PBXGroup section */

/* Begin PBXNativeTarget section */
		04AC18A526DDCF9200B44698 /* Spotify-test */ = {
			isa = PBXNativeTarget;
			buildConfigurationList = 04AC18BA26DDCF9400B44698 /* Build configuration list for PBXNativeTarget "Spotify-test" */;
			buildPhases = (
				04AC18A226DDCF9200B44698 /* Sources */,
				04AC18A326DDCF9200B44698 /* Frameworks */,
				04AC18A426DDCF9200B44698 /* Resources */,
			);
			buildRules = (
			);
			dependencies = (
			);
			name = "Spotify-test";
			productName = "Spotify-test";
			productReference = 04AC18A626DDCF9200B44698 /* Spotify-test.app */;
			productType = "com.apple.product-type.application";
		};
/* End PBXNativeTarget section */

/* Begin PBXProject section */
		04AC189E26DDCF9100B44698 /* Project object */ = {
			isa = PBXProject;
			attributes = {
				LastSwiftUpdateCheck = 1240;
				LastUpgradeCheck = 1240;
				TargetAttributes = {
					04AC18A526DDCF9200B44698 = {
						CreatedOnToolsVersion = 12.4;
					};
				};
			};
			buildConfigurationList = 04AC18A126DDCF9100B44698 /* Build configuration list for PBXProject "Spotify-test" */;
			compatibilityVersion = "Xcode 9.3";
			developmentRegion = en;
			hasScannedForEncodings = 0;
			knownRegions = (
				en,
				Base,
			);
			mainGroup = 04AC189D26DDCF9100B44698;
			productRefGroup = 04AC18A726DDCF9200B44698 /* Products */;
			projectDirPath = "";
			projectRoot = "";
			targets = (
				04AC18A526DDCF9200B44698 /* Spotify-test */,
			);
		};
/* End PBXProject section */

/* Begin PBXResourcesBuildPhase section */
		04AC18A426DDCF9200B44698 /* Resources */ = {
			isa = PBXResourcesBuildPhase;
			buildActionMask = 2147483647;
			files = (
				04AC18B626DDCF9400B44698 /* LaunchScreen.storyboard in Resources */,
				04AC18B326DDCF9400B44698 /* Assets.xcassets in Resources */,
			);
			runOnlyForDeploymentPostprocessing = 0;
		};
/* End PBXResourcesBuildPhase section */

/* Begin PBXSourcesBuildPhase section */
		04AC18A226DDCF9200B44698 /* Sources */ = {
			isa = PBXSourcesBuildPhase;
			buildActionMask = 2147483647;
			files = (
				049E219026DDD27700BD770D /* SearchViewController.swift in Sources */,
				049E21B826DDD40600BD770D /* Playlist.swift in Sources */,
				049E21AF26DDD3C400BD770D /* AuthManager.swift in Sources */,
				049E21AC26DDD34900BD770D /* SearchResultsViewController.swift in Sources */,
				049E219D26DDD2F400BD770D /* WelcomeViewController.swift in Sources */,
				049E218B26DDD1FD00BD770D /* TabBarViewController.swift in Sources */,
				04AC18AE26DDCF9200B44698 /* HomeViewController.swift in Sources */,
				049E21B526DDD3ED00BD770D /* HapticsManager.swift in Sources */,
				0456927B26DF5B480072650A /* AuthResponse.swift in Sources */,
				049E21BB26DDD41000BD770D /* AudioTrack.swift in Sources */,
				049E219926DDD2E900BD770D /* AuthViewController.swift in Sources */,
				04AC18AA26DDCF9200B44698 /* AppDelegate.swift in Sources */,
				049E21A926DDD33600BD770D /* ProfileViewController.swift in Sources */,
				049E21C126DDD42400BD770D /* UserProfile.swift in Sources */,
				042FE41826DDE2A90023DD25 /* Extensions.swift in Sources */,
				049E219326DDD28300BD770D /* LibraryViewController.swift in Sources */,
				049E21BE26DDD41500BD770D /* Artist.swift in Sources */,
				049E21A626DDD31C00BD770D /* PlaylistViewController.swift in Sources */,
				04AC18AC26DDCF9200B44698 /* SceneDelegate.swift in Sources */,
				049E21A026DDD2FD00BD770D /* SettingsViewController.swift in Sources */,
				049E21B226DDD3DE00BD770D /* APICaller.swift in Sources */,
				049E21A326DDD30E00BD770D /* PlayerViewController.swift in Sources */,
			);
			runOnlyForDeploymentPostprocessing = 0;
		};
/* End PBXSourcesBuildPhase section */

/* Begin PBXVariantGroup section */
		04AC18B426DDCF9400B44698 /* LaunchScreen.storyboard */ = {
			isa = PBXVariantGroup;
			children = (
				04AC18B526DDCF9400B44698 /* Base */,
			);
			name = LaunchScreen.storyboard;
			sourceTree = "<group>";
		};
/* End PBXVariantGroup section */

/* Begin XCBuildConfiguration section */
		04AC18B826DDCF9400B44698 /* Debug */ = {
			isa = XCBuildConfiguration;
			buildSettings = {
				ALWAYS_SEARCH_USER_PATHS = NO;
				CLANG_ANALYZER_NONNULL = YES;
				CLANG_ANALYZER_NUMBER_OBJECT_CONVERSION = YES_AGGRESSIVE;
				CLANG_CXX_LANGUAGE_STANDARD = "gnu++14";
				CLANG_CXX_LIBRARY = "libc++";
				CLANG_ENABLE_MODULES = YES;
				CLANG_ENABLE_OBJC_ARC = YES;
				CLANG_ENABLE_OBJC_WEAK = YES;
				CLANG_WARN_BLOCK_CAPTURE_AUTORELEASING = YES;
				CLANG_WARN_BOOL_CONVERSION = YES;
				CLANG_WARN_COMMA = YES;
				CLANG_WARN_CONSTANT_CONVERSION = YES;
				CLANG_WARN_DEPRECATED_OBJC_IMPLEMENTATIONS = YES;
				CLANG_WARN_DIRECT_OBJC_ISA_USAGE = YES_ERROR;
				CLANG_WARN_DOCUMENTATION_COMMENTS = YES;
				CLANG_WARN_EMPTY_BODY = YES;
				CLANG_WARN_ENUM_CONVERSION = YES;
				CLANG_WARN_INFINITE_RECURSION = YES;
				CLANG_WARN_INT_CONVERSION = YES;
				CLANG_WARN_NON_LITERAL_NULL_CONVERSION = YES;
				CLANG_WARN_OBJC_IMPLICIT_RETAIN_SELF = YES;
				CLANG_WARN_OBJC_LITERAL_CONVERSION = YES;
				CLANG_WARN_OBJC_ROOT_CLASS = YES_ERROR;
				CLANG_WARN_QUOTED_INCLUDE_IN_FRAMEWORK_HEADER = YES;
				CLANG_WARN_RANGE_LOOP_ANALYSIS = YES;
				CLANG_WARN_STRICT_PROTOTYPES = YES;
				CLANG_WARN_SUSPICIOUS_MOVE = YES;
				CLANG_WARN_UNGUARDED_AVAILABILITY = YES_AGGRESSIVE;
				CLANG_WARN_UNREACHABLE_CODE = YES;
				CLANG_WARN__DUPLICATE_METHOD_MATCH = YES;
				COPY_PHASE_STRIP = NO;
				DEBUG_INFORMATION_FORMAT = dwarf;
				ENABLE_STRICT_OBJC_MSGSEND = YES;
				ENABLE_TESTABILITY = YES;
				GCC_C_LANGUAGE_STANDARD = gnu11;
				GCC_DYNAMIC_NO_PIC = NO;
				GCC_NO_COMMON_BLOCKS = YES;
				GCC_OPTIMIZATION_LEVEL = 0;
				GCC_PREPROCESSOR_DEFINITIONS = (
					"DEBUG=1",
					"$(inherited)",
				);
				GCC_WARN_64_TO_32_BIT_CONVERSION = YES;
				GCC_WARN_ABOUT_RETURN_TYPE = YES_ERROR;
				GCC_WARN_UNDECLARED_SELECTOR = YES;
				GCC_WARN_UNINITIALIZED_AUTOS = YES_AGGRESSIVE;
				GCC_WARN_UNUSED_FUNCTION = YES;
				GCC_WARN_UNUSED_VARIABLE = YES;
				IPHONEOS_DEPLOYMENT_TARGET = 14.4;
				MTL_ENABLE_DEBUG_INFO = INCLUDE_SOURCE;
				MTL_FAST_MATH = YES;
				ONLY_ACTIVE_ARCH = YES;
				SDKROOT = iphoneos;
				SWIFT_ACTIVE_COMPILATION_CONDITIONS = DEBUG;
				SWIFT_OPTIMIZATION_LEVEL = "-Onone";
			};
			name = Debug;
		};
		04AC18B926DDCF9400B44698 /* Release */ = {
			isa = XCBuildConfiguration;
			buildSettings = {
				ALWAYS_SEARCH_USER_PATHS = NO;
				CLANG_ANALYZER_NONNULL = YES;
				CLANG_ANALYZER_NUMBER_OBJECT_CONVERSION = YES_AGGRESSIVE;
				CLANG_CXX_LANGUAGE_STANDARD = "gnu++14";
				CLANG_CXX_LIBRARY = "libc++";
				CLANG_ENABLE_MODULES = YES;
				CLANG_ENABLE_OBJC_ARC = YES;
				CLANG_ENABLE_OBJC_WEAK = YES;
				CLANG_WARN_BLOCK_CAPTURE_AUTORELEASING = YES;
				CLANG_WARN_BOOL_CONVERSION = YES;
				CLANG_WARN_COMMA = YES;
				CLANG_WARN_CONSTANT_CONVERSION = YES;
				CLANG_WARN_DEPRECATED_OBJC_IMPLEMENTATIONS = YES;
				CLANG_WARN_DIRECT_OBJC_ISA_USAGE = YES_ERROR;
				CLANG_WARN_DOCUMENTATION_COMMENTS = YES;
				CLANG_WARN_EMPTY_BODY = YES;
				CLANG_WARN_ENUM_CONVERSION = YES;
				CLANG_WARN_INFINITE_RECURSION = YES;
				CLANG_WARN_INT_CONVERSION = YES;
				CLANG_WARN_NON_LITERAL_NULL_CONVERSION = YES;
				CLANG_WARN_OBJC_IMPLICIT_RETAIN_SELF = YES;
				CLANG_WARN_OBJC_LITERAL_CONVERSION = YES;
				CLANG_WARN_OBJC_ROOT_CLASS = YES_ERROR;
				CLANG_WARN_QUOTED_INCLUDE_IN_FRAMEWORK_HEADER = YES;
				CLANG_WARN_RANGE_LOOP_ANALYSIS = YES;
				CLANG_WARN_STRICT_PROTOTYPES = YES;
				CLANG_WARN_SUSPICIOUS_MOVE = YES;
				CLANG_WARN_UNGUARDED_AVAILABILITY = YES_AGGRESSIVE;
				CLANG_WARN_UNREACHABLE_CODE = YES;
				CLANG_WARN__DUPLICATE_METHOD_MATCH = YES;
				COPY_PHASE_STRIP = NO;
				DEBUG_INFORMATION_FORMAT = "dwarf-with-dsym";
				ENABLE_NS_ASSERTIONS = NO;
				ENABLE_STRICT_OBJC_MSGSEND = YES;
				GCC_C_LANGUAGE_STANDARD = gnu11;
				GCC_NO_COMMON_BLOCKS = YES;
				GCC_WARN_64_TO_32_BIT_CONVERSION = YES;
				GCC_WARN_ABOUT_RETURN_TYPE = YES_ERROR;
				GCC_WARN_UNDECLARED_SELECTOR = YES;
				GCC_WARN_UNINITIALIZED_AUTOS = YES_AGGRESSIVE;
				GCC_WARN_UNUSED_FUNCTION = YES;
				GCC_WARN_UNUSED_VARIABLE = YES;
				IPHONEOS_DEPLOYMENT_TARGET = 14.4;
				MTL_ENABLE_DEBUG_INFO = NO;
				MTL_FAST_MATH = YES;
				SDKROOT = iphoneos;
				SWIFT_COMPILATION_MODE = wholemodule;
				SWIFT_OPTIMIZATION_LEVEL = "-O";
				VALIDATE_PRODUCT = YES;
			};
			name = Release;
		};
		04AC18BB26DDCF9400B44698 /* Debug */ = {
			isa = XCBuildConfiguration;
			buildSettings = {
				ASSETCATALOG_COMPILER_APPICON_NAME = AppIcon;
				ASSETCATALOG_COMPILER_GLOBAL_ACCENT_COLOR_NAME = AccentColor;
				CODE_SIGN_STYLE = Automatic;
				DEVELOPMENT_TEAM = 7ZBHT89JPN;
				INFOPLIST_FILE = "Spotify-test/Info.plist";
				IPHONEOS_DEPLOYMENT_TARGET = 13.6;
				LD_RUNPATH_SEARCH_PATHS = (
					"$(inherited)",
					"@executable_path/Frameworks",
				);
				PRODUCT_BUNDLE_IDENTIFIER = "com.jervygu.Spotify-test";
				PRODUCT_NAME = "$(TARGET_NAME)";
				SWIFT_VERSION = 5.0;
				TARGETED_DEVICE_FAMILY = "1,2";
			};
			name = Debug;
		};
		04AC18BC26DDCF9400B44698 /* Release */ = {
			isa = XCBuildConfiguration;
			buildSettings = {
				ASSETCATALOG_COMPILER_APPICON_NAME = AppIcon;
				ASSETCATALOG_COMPILER_GLOBAL_ACCENT_COLOR_NAME = AccentColor;
				CODE_SIGN_STYLE = Automatic;
				DEVELOPMENT_TEAM = 7ZBHT89JPN;
				INFOPLIST_FILE = "Spotify-test/Info.plist";
				IPHONEOS_DEPLOYMENT_TARGET = 13.6;
				LD_RUNPATH_SEARCH_PATHS = (
					"$(inherited)",
					"@executable_path/Frameworks",
				);
				PRODUCT_BUNDLE_IDENTIFIER = "com.jervygu.Spotify-test";
				PRODUCT_NAME = "$(TARGET_NAME)";
				SWIFT_VERSION = 5.0;
				TARGETED_DEVICE_FAMILY = "1,2";
			};
			name = Release;
		};
/* End XCBuildConfiguration section */

/* Begin XCConfigurationList section */
		04AC18A126DDCF9100B44698 /* Build configuration list for PBXProject "Spotify-test" */ = {
			isa = XCConfigurationList;
			buildConfigurations = (
				04AC18B826DDCF9400B44698 /* Debug */,
				04AC18B926DDCF9400B44698 /* Release */,
			);
			defaultConfigurationIsVisible = 0;
			defaultConfigurationName = Release;
		};
		04AC18BA26DDCF9400B44698 /* Build configuration list for PBXNativeTarget "Spotify-test" */ = {
			isa = XCConfigurationList;
			buildConfigurations = (
				04AC18BB26DDCF9400B44698 /* Debug */,
				04AC18BC26DDCF9400B44698 /* Release */,
			);
			defaultConfigurationIsVisible = 0;
			defaultConfigurationName = Release;
		};
/* End XCConfigurationList section */
	};
	rootObject = 04AC189E26DDCF9100B44698 /* Project object */;
}
